
Microsoft Visual Studio Solution File, Format Version 12.00
# Visual Studio Version 17
VisualStudioVersion = 17.0.31903.59
MinimumVisualStudioVersion = 10.0.40219.1
Project("{2150E333-8FDC-42A3-9474-1A3956D46DE8}") = "src", "src", "{92DE8E61-7615-4369-97A2-1763E5C79B9B}"
EndProject
Project("{FAE04EC0-301F-11D3-BF4B-00C04F79EFBC}") = "AuctionService", "src\AuctionService\AuctionService.csproj", "{4AD33391-666E-48CD-9D52-6E154A0904B0}"
EndProject
Global
	GlobalSection(SolutionConfigurationPlatforms) = preSolution
		Debug|Any CPU = Debug|Any CPU
		Release|Any CPU = Release|Any CPU
	EndGlobalSection
	GlobalSection(SolutionProperties) = preSolution
		HideSolutionNode = FALSE
	EndGlobalSection
	GlobalSection(ProjectConfigurationPlatforms) = postSolution
		{4AD33391-666E-48CD-9D52-6E154A0904B0}.Debug|Any CPU.ActiveCfg = Debug|Any CPU
		{4AD33391-666E-48CD-9D52-6E154A0904B0}.Debug|Any CPU.Build.0 = Debug|Any CPU
		{4AD33391-666E-48CD-9D52-6E154A0904B0}.Release|Any CPU.ActiveCfg = Release|Any CPU
		{4AD33391-666E-48CD-9D52-6E154A0904B0}.Release|Any CPU.Build.0 = Release|Any CPU
	EndGlobalSection
	GlobalSection(NestedProjects) = preSolution
		{4AD33391-666E-48CD-9D52-6E154A0904B0} = {92DE8E61-7615-4369-97A2-1763E5C79B9B}
	EndGlobalSection
EndGlobal
